{
    "name": "rabix-editor",
    "version": "0.1.0",
    "lockfileVersion": 1,
    "dependencies": {
        "@types/chai": {
            "version": "4.0.1",
            "resolved": "https://registry.npmjs.org/@types/chai/-/chai-4.0.1.tgz",
            "integrity": "sha512-DWrdkraJO+KvBB7+Jc6AuDd2+fwV6Z9iK8cqEEoYpcurYrH7GiUZmwjFuQIIWj5HhFz6NsSxdN72YMIHT7Fy2Q=="
        },
        "@types/form-data": {
            "version": "0.0.33",
            "resolved": "https://registry.npmjs.org/@types/form-data/-/form-data-0.0.33.tgz",
            "integrity": "sha1-yayFsqX9GENbjIXZ7LUObWyJP/g="
        },
        "@types/glob": {
            "version": "5.0.30",
            "resolved": "https://registry.npmjs.org/@types/glob/-/glob-5.0.30.tgz",
            "integrity": "sha1-ECZAnFYlqGiQdGAoCNCCsoZ7ilE="
        },
        "@types/md5": {
            "version": "2.1.32",
            "resolved": "https://registry.npmjs.org/@types/md5/-/md5-2.1.32.tgz",
            "integrity": "sha1-k+I0N/zRenucqY0CqmAC6DWEL+g="
        },
        "@types/minimatch": {
            "version": "2.0.29",
            "resolved": "https://registry.npmjs.org/@types/minimatch/-/minimatch-2.0.29.tgz",
            "integrity": "sha1-UALhT3Xi1x5WQoHfBDHIwbSio2o="
        },
        "@types/mkdirp": {
            "version": "0.3.29",
            "resolved": "https://registry.npmjs.org/@types/mkdirp/-/mkdirp-0.3.29.tgz",
            "integrity": "sha1-fyrX7FX5FEgvybHsS7GuYCjUYGY="
        },
        "@types/mocha": {
            "version": "2.2.41",
            "resolved": "https://registry.npmjs.org/@types/mocha/-/mocha-2.2.41.tgz",
            "integrity": "sha1-4nzwgXFT658nE7LT9saPHhw8pgg="
        },
        "@types/node": {
            "version": "7.0.32",
            "resolved": "https://registry.npmjs.org/@types/node/-/node-7.0.32.tgz",
            "integrity": "sha512-7+0Ai8r8Xt6NNVM0Eo+XSqiZsBUYXg2yrCwyBhQzSfFHTGQWzFv/pk9106vPR8HWjKmGK+zzUj244POs4xfO2g=="
        },
        "@types/proxyquire": {
            "version": "1.3.27",
            "resolved": "https://registry.npmjs.org/@types/proxyquire/-/proxyquire-1.3.27.tgz",
            "integrity": "sha1-njbU88Ka8dQI/NIdpOKvV8V3sGY="
        },
        "@types/request": {
            "version": "0.0.44",
            "resolved": "https://registry.npmjs.org/@types/request/-/request-0.0.44.tgz",
            "integrity": "sha512-Grl9V1ahSDWuqjORgjeVMddMjHs7TfbesghMRHXn/SKx5HI3/KpFJrDkuT4cA4oJnJqDQ5M2G7pZM0O3+7xdRQ=="
        },
        "@types/sinon": {
            "version": "2.3.2",
            "resolved": "https://registry.npmjs.org/@types/sinon/-/sinon-2.3.2.tgz",
            "integrity": "sha512-92DKsC/9bnsfyBLdY5AP8Zk7LDbwVF0hBHsfQ3IY3kHXEo3NdJA57090wGmzcnITxupyvR3lXk278tPktM6OJw=="
        },
        "@types/tmp": {
            "version": "0.0.33",
            "resolved": "https://registry.npmjs.org/@types/tmp/-/tmp-0.0.33.tgz",
            "integrity": "sha1-EHPEvIJHVK49EM+riKsCN7qWTk0="
        },
        "ajv": {
            "version": "4.11.8",
            "resolved": "https://registry.npmjs.org/ajv/-/ajv-4.11.8.tgz",
            "integrity": "sha1-gv+wKynmYq5TvcIK8VlHcGc5xTY="
        },
        "argparse": {
            "version": "1.0.9",
            "resolved": "https://registry.npmjs.org/argparse/-/argparse-1.0.9.tgz",
            "integrity": "sha1-c9g7wmP4bpf4zE9rrhsOkKfSLIY="
        },
        "asn1": {
            "version": "0.2.3",
            "resolved": "https://registry.npmjs.org/asn1/-/asn1-0.2.3.tgz",
            "integrity": "sha1-2sh4dxPJlmhJ/IGAd36+nB3fO4Y="
        },
        "assert-plus": {
            "version": "0.2.0",
            "resolved": "https://registry.npmjs.org/assert-plus/-/assert-plus-0.2.0.tgz",
            "integrity": "sha1-104bh+ev/A24qttwIfP+SBAasjQ="
        },
        "assertion-error": {
            "version": "1.0.2",
            "resolved": "https://registry.npmjs.org/assertion-error/-/assertion-error-1.0.2.tgz",
            "integrity": "sha1-E8pRXYYgbaC6xm6DTdOX2HWBCUw=",
            "dev": true
        },
        "async": {
            "version": "2.5.0",
            "resolved": "https://registry.npmjs.org/async/-/async-2.5.0.tgz",
            "integrity": "sha512-e+lJAJeNWuPCNyxZKOBdaJGyLGHugXVQtrAwtuAe2vhxTYxFTKE73p8JuTmdH0qdQZtDvI4dhJwjZc5zsfIsYw=="
        },
        "asynckit": {
            "version": "0.4.0",
            "resolved": "https://registry.npmjs.org/asynckit/-/asynckit-0.4.0.tgz",
            "integrity": "sha1-x57Zf380y48robyXkLzDZkdLS3k="
        },
        "aws-sign2": {
            "version": "0.6.0",
            "resolved": "https://registry.npmjs.org/aws-sign2/-/aws-sign2-0.6.0.tgz",
            "integrity": "sha1-FDQt0428yU0OW4fXY81jYSwOeU8="
        },
        "aws4": {
            "version": "1.6.0",
            "resolved": "https://registry.npmjs.org/aws4/-/aws4-1.6.0.tgz",
            "integrity": "sha1-g+9cqGCysy5KDe7e6MdxudtXRx4="
        },
        "balanced-match": {
            "version": "1.0.0",
            "resolved": "https://registry.npmjs.org/balanced-match/-/balanced-match-1.0.0.tgz",
            "integrity": "sha1-ibTRmasr7kneFk6gK4nORi1xt2c="
        },
        "bcrypt-pbkdf": {
            "version": "1.0.1",
            "resolved": "https://registry.npmjs.org/bcrypt-pbkdf/-/bcrypt-pbkdf-1.0.1.tgz",
            "integrity": "sha1-Y7xdy2EzG5K8Bf1SiVPDNGKgb40=",
            "optional": true
        },
        "boom": {
            "version": "2.10.1",
            "resolved": "https://registry.npmjs.org/boom/-/boom-2.10.1.tgz",
            "integrity": "sha1-OciRjO/1eZ+D+UkqhI9iWt0Mdm8="
        },
        "brace-expansion": {
            "version": "1.1.8",
            "resolved": "https://registry.npmjs.org/brace-expansion/-/brace-expansion-1.1.8.tgz",
            "integrity": "sha1-wHshHHyVLsH479Uad+8NHTmQopI="
        },
        "browser-stdout": {
            "version": "1.3.0",
            "resolved": "https://registry.npmjs.org/browser-stdout/-/browser-stdout-1.3.0.tgz",
            "integrity": "sha1-81HTKWnTL6XXpVZxVCY9korjvR8=",
            "dev": true
        },
        "caseless": {
            "version": "0.12.0",
            "resolved": "https://registry.npmjs.org/caseless/-/caseless-0.12.0.tgz",
            "integrity": "sha1-G2gcIf+EAzyCZUMJBolCDRhxUdw="
        },
        "chai": {
            "version": "4.0.2",
            "resolved": "https://registry.npmjs.org/chai/-/chai-4.0.2.tgz",
            "integrity": "sha1-L3MnxN5vOF3XeHmZ4qsCaXoyuDs=",
            "dev": true
        },
        "charenc": {
            "version": "0.0.2",
            "resolved": "https://registry.npmjs.org/charenc/-/charenc-0.0.2.tgz",
            "integrity": "sha1-wKHS86cJLgN3S/qD8UwPxXkKhmc="
        },
        "check-error": {
            "version": "1.0.2",
            "resolved": "https://registry.npmjs.org/check-error/-/check-error-1.0.2.tgz",
            "integrity": "sha1-V00xLt2Iu13YkS6Sht1sCu1KrII=",
            "dev": true
        },
        "co": {
            "version": "4.6.0",
            "resolved": "https://registry.npmjs.org/co/-/co-4.6.0.tgz",
            "integrity": "sha1-bqa989hTrlTMuOR7+gvz+QMfsYQ="
        },
        "combined-stream": {
            "version": "1.0.5",
            "resolved": "https://registry.npmjs.org/combined-stream/-/combined-stream-1.0.5.tgz",
            "integrity": "sha1-k4NwpXtKUd6ix3wV1cX9+JUWQAk="
        },
        "commander": {
            "version": "2.9.0",
            "resolved": "https://registry.npmjs.org/commander/-/commander-2.9.0.tgz",
            "integrity": "sha1-nJkJQXbhIkDLItbFFGCYQA/g99Q=",
            "dev": true
        },
        "concat-map": {
            "version": "0.0.1",
            "resolved": "https://registry.npmjs.org/concat-map/-/concat-map-0.0.1.tgz",
            "integrity": "sha1-2Klr13/Wjfd5OnMDajug1UBdR3s="
        },
        "crypt": {
            "version": "0.0.2",
            "resolved": "https://registry.npmjs.org/crypt/-/crypt-0.0.2.tgz",
            "integrity": "sha1-iNf/fsDfuG9xPch7u0LQRNPmxBs="
        },
        "cryptiles": {
            "version": "2.0.5",
            "resolved": "https://registry.npmjs.org/cryptiles/-/cryptiles-2.0.5.tgz",
            "integrity": "sha1-O9/s3GCBR8HGcgL6KR59ylnqo7g="
        },
        "dashdash": {
            "version": "1.14.1",
            "resolved": "https://registry.npmjs.org/dashdash/-/dashdash-1.14.1.tgz",
            "integrity": "sha1-hTz6D3y+L+1d4gMmuN1YEDX24vA=",
            "dependencies": {
                "assert-plus": {
                    "version": "1.0.0",
                    "resolved": "https://registry.npmjs.org/assert-plus/-/assert-plus-1.0.0.tgz",
                    "integrity": "sha1-8S4PPF13sLHN2RRpQuTpbB5N1SU="
                }
            }
        },
        "debug": {
            "version": "2.6.0",
            "resolved": "https://registry.npmjs.org/debug/-/debug-2.6.0.tgz",
            "integrity": "sha1-vFlryr52F/Edn6FTYe3tVgi4SZs=",
            "dev": true
        },
        "deep-eql": {
            "version": "2.0.2",
            "resolved": "https://registry.npmjs.org/deep-eql/-/deep-eql-2.0.2.tgz",
            "integrity": "sha1-sbrAblbwp2d3aG1Qyf63XC7XZ5o=",
            "dev": true,
            "dependencies": {
                "type-detect": {
                    "version": "3.0.0",
                    "resolved": "https://registry.npmjs.org/type-detect/-/type-detect-3.0.0.tgz",
                    "integrity": "sha1-RtDMhVOrt7E6NSsNbeov1Y8tm1U=",
                    "dev": true
                }
            }
        },
        "delayed-stream": {
            "version": "1.0.0",
            "resolved": "https://registry.npmjs.org/delayed-stream/-/delayed-stream-1.0.0.tgz",
            "integrity": "sha1-3zrhmayt+31ECqrgsp4icrJOxhk="
        },
        "diff": {
            "version": "3.2.0",
            "resolved": "https://registry.npmjs.org/diff/-/diff-3.2.0.tgz",
            "integrity": "sha1-yc45Okt8vQsFinJck98pkCeGj/k=",
            "dev": true
        },
        "ecc-jsbn": {
            "version": "0.1.1",
            "resolved": "https://registry.npmjs.org/ecc-jsbn/-/ecc-jsbn-0.1.1.tgz",
            "integrity": "sha1-D8c6ntXw1Tw4GTOYUj735UN3dQU=",
            "optional": true
        },
        "electron-storage": {
            "version": "1.0.7",
            "resolved": "https://registry.npmjs.org/electron-storage/-/electron-storage-1.0.7.tgz",
            "integrity": "sha1-8Ii2idqQQU5PlVUgg4lu7VP9518="
        },
        "escape-string-regexp": {
            "version": "1.0.5",
            "resolved": "https://registry.npmjs.org/escape-string-regexp/-/escape-string-regexp-1.0.5.tgz",
            "integrity": "sha1-G2HAViGQqN/2rjuyzwIAyhMLhtQ=",
            "dev": true
        },
        "esprima": {
            "version": "3.1.3",
            "resolved": "https://registry.npmjs.org/esprima/-/esprima-3.1.3.tgz",
            "integrity": "sha1-/cpRzuYTOJXjyI1TXOSdv/YqRjM="
        },
        "extend": {
            "version": "3.0.1",
            "resolved": "https://registry.npmjs.org/extend/-/extend-3.0.1.tgz",
            "integrity": "sha1-p1Xqe8Gt/MWjHOfnYtuq3F5jZEQ="
        },
        "extsprintf": {
            "version": "1.0.2",
            "resolved": "https://registry.npmjs.org/extsprintf/-/extsprintf-1.0.2.tgz",
            "integrity": "sha1-4QgOBljjALBilJkMxw4VAiNf1VA="
        },
        "fill-keys": {
            "version": "1.0.2",
            "resolved": "https://registry.npmjs.org/fill-keys/-/fill-keys-1.0.2.tgz",
            "integrity": "sha1-mo+jb06K1jTjv2tPPIiCVRRS6yA=",
            "dev": true
        },
        "forever-agent": {
            "version": "0.6.1",
            "resolved": "https://registry.npmjs.org/forever-agent/-/forever-agent-0.6.1.tgz",
            "integrity": "sha1-+8cfDEGt6zf5bFd60e1C2P2sypE="
        },
        "form-data": {
            "version": "2.1.4",
            "resolved": "https://registry.npmjs.org/form-data/-/form-data-2.1.4.tgz",
            "integrity": "sha1-M8GDrPGTJ27KqYFDpp6Uv+4XUNE="
        },
        "formatio": {
            "version": "1.2.0",
            "resolved": "https://registry.npmjs.org/formatio/-/formatio-1.2.0.tgz",
            "integrity": "sha1-87IWfZBoxGmKjVH092CjmlTYGOs=",
            "dev": true
        },
        "fs.realpath": {
            "version": "1.0.0",
            "resolved": "https://registry.npmjs.org/fs.realpath/-/fs.realpath-1.0.0.tgz",
            "integrity": "sha1-FQStJSMVjKpA20onh8sBQRmU6k8="
        },
        "get-func-name": {
            "version": "2.0.0",
            "resolved": "https://registry.npmjs.org/get-func-name/-/get-func-name-2.0.0.tgz",
            "integrity": "sha1-6td0q+5y4gQJQzoGY2YCPdaIekE=",
            "dev": true
        },
        "getpass": {
            "version": "0.1.7",
            "resolved": "https://registry.npmjs.org/getpass/-/getpass-0.1.7.tgz",
            "integrity": "sha1-Xv+OPmhNVprkyysSgmBOi6YhSfo=",
            "dependencies": {
                "assert-plus": {
                    "version": "1.0.0",
                    "resolved": "https://registry.npmjs.org/assert-plus/-/assert-plus-1.0.0.tgz",
                    "integrity": "sha1-8S4PPF13sLHN2RRpQuTpbB5N1SU="
                }
            }
        },
        "glob": {
            "version": "7.1.2",
            "resolved": "https://registry.npmjs.org/glob/-/glob-7.1.2.tgz",
            "integrity": "sha512-MJTUg1kjuLeQCJ+ccE4Vpa6kKVXkPYJ2mOCQyUuKLcLQsdrMCpBPUi8qVE6+YuaJkozeA9NusTAw3hLr8Xe5EQ=="
        },
        "graceful-readlink": {
            "version": "1.0.1",
            "resolved": "https://registry.npmjs.org/graceful-readlink/-/graceful-readlink-1.0.1.tgz",
            "integrity": "sha1-TK+tdrxi8C+gObL5Tpo906ORpyU=",
            "dev": true
        },
        "growl": {
            "version": "1.9.2",
            "resolved": "https://registry.npmjs.org/growl/-/growl-1.9.2.tgz",
            "integrity": "sha1-Dqd0NxXbjY3ixe3hd14bRayFwC8=",
            "dev": true
        },
        "har-schema": {
            "version": "1.0.5",
            "resolved": "https://registry.npmjs.org/har-schema/-/har-schema-1.0.5.tgz",
            "integrity": "sha1-0mMTX0MwfALGAq/I/pWXDAFRNp4="
        },
        "har-validator": {
            "version": "4.2.1",
            "resolved": "https://registry.npmjs.org/har-validator/-/har-validator-4.2.1.tgz",
            "integrity": "sha1-M0gdDxu/9gDdID11gSpqX7oALio="
        },
        "has-flag": {
            "version": "1.0.0",
            "resolved": "https://registry.npmjs.org/has-flag/-/has-flag-1.0.0.tgz",
            "integrity": "sha1-nZ55MWXOAXoA8AQYxD+UKnsdEfo=",
            "dev": true
        },
        "hawk": {
            "version": "3.1.3",
            "resolved": "https://registry.npmjs.org/hawk/-/hawk-3.1.3.tgz",
            "integrity": "sha1-B4REvXwWQLD+VA0sm3PVlnjo4cQ="
        },
        "hoek": {
            "version": "2.16.3",
            "resolved": "https://registry.npmjs.org/hoek/-/hoek-2.16.3.tgz",
            "integrity": "sha1-ILt0A9POo5jpHcRxCo/xuCdKJe0="
        },
        "http-signature": {
            "version": "1.1.1",
            "resolved": "https://registry.npmjs.org/http-signature/-/http-signature-1.1.1.tgz",
            "integrity": "sha1-33LiZwZs0Kxn+3at+OE0qPvPkb8="
        },
        "inflight": {
            "version": "1.0.6",
            "resolved": "https://registry.npmjs.org/inflight/-/inflight-1.0.6.tgz",
            "integrity": "sha1-Sb1jMdfQLQwJvJEKEHW6gWW1bfk="
        },
        "inherits": {
            "version": "2.0.3",
            "resolved": "https://registry.npmjs.org/inherits/-/inherits-2.0.3.tgz",
            "integrity": "sha1-Yzwsg+PaQqUC9SRmAiSA9CCCYd4="
        },
        "is-buffer": {
            "version": "1.1.5",
            "resolved": "https://registry.npmjs.org/is-buffer/-/is-buffer-1.1.5.tgz",
            "integrity": "sha1-Hzsm72E7IUuIy8ojzGwB2Hlh7sw="
        },
        "is-object": {
            "version": "1.0.1",
            "resolved": "https://registry.npmjs.org/is-object/-/is-object-1.0.1.tgz",
            "integrity": "sha1-iVJojF7C/9awPsyF52ngKQMINHA=",
            "dev": true
        },
        "is-typedarray": {
            "version": "1.0.0",
            "resolved": "https://registry.npmjs.org/is-typedarray/-/is-typedarray-1.0.0.tgz",
            "integrity": "sha1-5HnICFjfDBsR3dppQPlgEfzaSpo="
        },
        "isarray": {
            "version": "0.0.1",
            "resolved": "https://registry.npmjs.org/isarray/-/isarray-0.0.1.tgz",
            "integrity": "sha1-ihis/Kmo9Bd+Cav8YDiTmwXR7t8=",
            "dev": true
        },
        "isstream": {
            "version": "0.1.2",
            "resolved": "https://registry.npmjs.org/isstream/-/isstream-0.1.2.tgz",
            "integrity": "sha1-R+Y/evVa+m+S4VAOaQ64uFKcCZo="
        },
        "js-yaml": {
            "version": "3.8.4",
            "resolved": "https://registry.npmjs.org/js-yaml/-/js-yaml-3.8.4.tgz",
            "integrity": "sha1-UgtFZPhlc7qWZir4Woyvp7S1pvY="
        },
        "jsbn": {
            "version": "0.1.1",
            "resolved": "https://registry.npmjs.org/jsbn/-/jsbn-0.1.1.tgz",
            "integrity": "sha1-peZUwuWi3rXyAdls77yoDA7y9RM=",
            "optional": true
        },
        "json-schema": {
            "version": "0.2.3",
            "resolved": "https://registry.npmjs.org/json-schema/-/json-schema-0.2.3.tgz",
            "integrity": "sha1-tIDIkuWaLwWVTOcnvT8qTogvnhM="
        },
        "json-stable-stringify": {
            "version": "1.0.1",
            "resolved": "https://registry.npmjs.org/json-stable-stringify/-/json-stable-stringify-1.0.1.tgz",
            "integrity": "sha1-mnWdOcXy/1A/1TAGRu1EX4jE+a8="
        },
        "json-stringify-safe": {
            "version": "5.0.1",
            "resolved": "https://registry.npmjs.org/json-stringify-safe/-/json-stringify-safe-5.0.1.tgz",
            "integrity": "sha1-Epai1Y/UXxmg9s4B1lcB4sc1tus="
        },
        "json3": {
            "version": "3.3.2",
            "resolved": "https://registry.npmjs.org/json3/-/json3-3.3.2.tgz",
            "integrity": "sha1-PAQ0dD35Pi9cQq7nsZvLSDV19OE=",
            "dev": true
        },
        "jsonify": {
            "version": "0.0.0",
            "resolved": "https://registry.npmjs.org/jsonify/-/jsonify-0.0.0.tgz",
            "integrity": "sha1-LHS27kHZPKUbe1qu6PUDYx0lKnM="
        },
        "jsprim": {
            "version": "1.4.0",
            "resolved": "https://registry.npmjs.org/jsprim/-/jsprim-1.4.0.tgz",
            "integrity": "sha1-o7h+QCmNjDgFUtjMdiigu5WiKRg=",
            "dependencies": {
                "assert-plus": {
                    "version": "1.0.0",
                    "resolved": "https://registry.npmjs.org/assert-plus/-/assert-plus-1.0.0.tgz",
                    "integrity": "sha1-8S4PPF13sLHN2RRpQuTpbB5N1SU="
                }
            }
        },
        "lodash": {
            "version": "4.17.4",
            "resolved": "https://registry.npmjs.org/lodash/-/lodash-4.17.4.tgz",
            "integrity": "sha1-eCA6TRwyiuHYbcpkYONptX9AVa4="
        },
        "lodash._baseassign": {
            "version": "3.2.0",
            "resolved": "https://registry.npmjs.org/lodash._baseassign/-/lodash._baseassign-3.2.0.tgz",
            "integrity": "sha1-jDigmVAPIVrQnlnxci/QxSv+Ck4=",
            "dev": true
        },
        "lodash._basecopy": {
            "version": "3.0.1",
            "resolved": "https://registry.npmjs.org/lodash._basecopy/-/lodash._basecopy-3.0.1.tgz",
            "integrity": "sha1-jaDmqHbPNEwK2KVIghEd08XHyjY=",
            "dev": true
        },
        "lodash._basecreate": {
            "version": "3.0.3",
            "resolved": "https://registry.npmjs.org/lodash._basecreate/-/lodash._basecreate-3.0.3.tgz",
            "integrity": "sha1-G8ZhYU2qf8MRt9A78WgGoCE8+CE=",
            "dev": true
        },
        "lodash._getnative": {
            "version": "3.9.1",
            "resolved": "https://registry.npmjs.org/lodash._getnative/-/lodash._getnative-3.9.1.tgz",
            "integrity": "sha1-VwvH3t5G1hzc3mh9ZdPuy6o6r/U=",
            "dev": true
        },
        "lodash._isiterateecall": {
            "version": "3.0.9",
            "resolved": "https://registry.npmjs.org/lodash._isiterateecall/-/lodash._isiterateecall-3.0.9.tgz",
            "integrity": "sha1-UgOte6Ql+uhCRg5pbbnPPmqsBXw=",
            "dev": true
        },
        "lodash.create": {
            "version": "3.1.1",
            "resolved": "https://registry.npmjs.org/lodash.create/-/lodash.create-3.1.1.tgz",
            "integrity": "sha1-1/KEnw29p+BGgruM1yqwIkYd6+c=",
            "dev": true
        },
        "lodash.isarguments": {
            "version": "3.1.0",
            "resolved": "https://registry.npmjs.org/lodash.isarguments/-/lodash.isarguments-3.1.0.tgz",
            "integrity": "sha1-L1c9hcaiQon/AGY7SRwdM4/zRYo=",
            "dev": true
        },
        "lodash.isarray": {
            "version": "3.0.4",
            "resolved": "https://registry.npmjs.org/lodash.isarray/-/lodash.isarray-3.0.4.tgz",
            "integrity": "sha1-eeTriMNqgSKvhvhEqpvNhRtfu1U=",
            "dev": true
        },
        "lodash.keys": {
            "version": "3.1.2",
            "resolved": "https://registry.npmjs.org/lodash.keys/-/lodash.keys-3.1.2.tgz",
            "integrity": "sha1-TbwEcrFWvlCgsoaFXRvQsMZWCYo=",
            "dev": true
        },
        "lolex": {
            "version": "1.6.0",
            "resolved": "https://registry.npmjs.org/lolex/-/lolex-1.6.0.tgz",
            "integrity": "sha1-OpoCg0UqR9dDnnJzG54H1zhuSfY=",
            "dev": true
        },
        "md5": {
            "version": "2.2.1",
            "resolved": "https://registry.npmjs.org/md5/-/md5-2.2.1.tgz",
            "integrity": "sha1-U6s41f48iJG6RlMp6iP6wFQBJvk="
        },
        "merge-descriptors": {
            "version": "1.0.1",
            "resolved": "https://registry.npmjs.org/merge-descriptors/-/merge-descriptors-1.0.1.tgz",
            "integrity": "sha1-sAqqVW3YtEVoFQ7J0blT8/kMu2E=",
            "dev": true
        },
        "mime-db": {
            "version": "1.27.0",
            "resolved": "https://registry.npmjs.org/mime-db/-/mime-db-1.27.0.tgz",
            "integrity": "sha1-gg9XIpa70g7CXtVeW13oaeVDbrE="
        },
        "mime-types": {
            "version": "2.1.15",
            "resolved": "https://registry.npmjs.org/mime-types/-/mime-types-2.1.15.tgz",
            "integrity": "sha1-pOv1BkCUVpI3uM9wBGd20J/JKu0="
        },
        "minimatch": {
            "version": "3.0.4",
            "resolved": "https://registry.npmjs.org/minimatch/-/minimatch-3.0.4.tgz",
            "integrity": "sha512-yJHVQEhyqPLUTgt9B83PXu6W3rx4MvvHvSUvToogpwoGDOUQ+yDrR0HRot+yOCdCO7u4hX3pWft6kWBBcqh0UA=="
        },
        "minimist": {
            "version": "0.0.8",
            "resolved": "https://registry.npmjs.org/minimist/-/minimist-0.0.8.tgz",
            "integrity": "sha1-hX/Kv8M5fSYluCKCYuhqp6ARsF0="
        },
        "mkdirp": {
            "version": "0.5.1",
            "resolved": "https://registry.npmjs.org/mkdirp/-/mkdirp-0.5.1.tgz",
            "integrity": "sha1-MAV0OOrGz3+MR2fzhkjWaX11yQM="
        },
        "mocha": {
            "version": "3.4.2",
            "resolved": "https://registry.npmjs.org/mocha/-/mocha-3.4.2.tgz",
            "integrity": "sha1-0O9NMyEm2/GNDWQMmzgt1IvpdZQ=",
            "dev": true,
            "dependencies": {
                "glob": {
                    "version": "7.1.1",
                    "resolved": "https://registry.npmjs.org/glob/-/glob-7.1.1.tgz",
                    "integrity": "sha1-gFIR3wT6rxxjo2ADBs31reULLsg=",
                    "dev": true
                }
            }
        },
        "module-not-found-error": {
            "version": "1.0.1",
            "resolved": "https://registry.npmjs.org/module-not-found-error/-/module-not-found-error-1.0.1.tgz",
            "integrity": "sha1-z4tP9PKWQGdNbN0CsOO8UjwrvcA=",
            "dev": true
        },
        "ms": {
            "version": "0.7.2",
            "resolved": "https://registry.npmjs.org/ms/-/ms-0.7.2.tgz",
            "integrity": "sha1-riXPJRKziFodldfwN4aNhDESR2U=",
            "dev": true
        },
        "native-promise-only": {
            "version": "0.8.1",
            "resolved": "https://registry.npmjs.org/native-promise-only/-/native-promise-only-0.8.1.tgz",
            "integrity": "sha1-IKMYwwy0X3H+et+/eyHJnBRy7xE=",
            "dev": true
        },
        "oauth-sign": {
            "version": "0.8.2",
            "resolved": "https://registry.npmjs.org/oauth-sign/-/oauth-sign-0.8.2.tgz",
            "integrity": "sha1-Rqarfwrq2N6unsBWV4C31O/rnUM="
        },
        "once": {
            "version": "1.4.0",
            "resolved": "https://registry.npmjs.org/once/-/once-1.4.0.tgz",
            "integrity": "sha1-WDsap3WWHUsROsF9nFC6753Xa9E="
        },
        "os-tmpdir": {
            "version": "1.0.2",
            "resolved": "https://registry.npmjs.org/os-tmpdir/-/os-tmpdir-1.0.2.tgz",
            "integrity": "sha1-u+Z0BseaqFxc/sdm/lc0VV36EnQ=",
            "dev": true
        },
        "path-is-absolute": {
            "version": "1.0.1",
            "resolved": "https://registry.npmjs.org/path-is-absolute/-/path-is-absolute-1.0.1.tgz",
            "integrity": "sha1-F0uSaHNVNP+8es5r9TpanhtcX18="
        },
        "path-to-regexp": {
            "version": "1.7.0",
            "resolved": "https://registry.npmjs.org/path-to-regexp/-/path-to-regexp-1.7.0.tgz",
            "integrity": "sha1-Wf3g9DW62suhA6hOnTvGTpa5k30=",
            "dev": true
        },
        "pathval": {
            "version": "1.1.0",
            "resolved": "https://registry.npmjs.org/pathval/-/pathval-1.1.0.tgz",
            "integrity": "sha1-uULm1L3mUwBe9rcTYd74cn0GReA=",
            "dev": true
        },
        "performance-now": {
            "version": "0.2.0",
            "resolved": "https://registry.npmjs.org/performance-now/-/performance-now-0.2.0.tgz",
            "integrity": "sha1-M+8wxcd9TqIcWlOGnZG1bY8lVeU="
        },
        "proxyquire": {
            "version": "1.8.0",
            "resolved": "https://registry.npmjs.org/proxyquire/-/proxyquire-1.8.0.tgz",
            "integrity": "sha1-AtUUpb7ZhvBMuyCTrxZ0FTX3ntw=",
            "dev": true
        },
        "punycode": {
            "version": "1.4.1",
            "resolved": "https://registry.npmjs.org/punycode/-/punycode-1.4.1.tgz",
            "integrity": "sha1-wNWmOycYgArY4esPpSachN1BhF4="
        },
        "qs": {
            "version": "6.4.0",
            "resolved": "https://registry.npmjs.org/qs/-/qs-6.4.0.tgz",
            "integrity": "sha1-E+JtKK1rD/qpExLNO/cI7TUecjM="
        },
        "request": {
            "version": "2.81.0",
            "resolved": "https://registry.npmjs.org/request/-/request-2.81.0.tgz",
            "integrity": "sha1-xpKJRqDgbF+Nb4qTM0af/aRimKA="
        },
        "request-promise-core": {
            "version": "1.1.1",
            "resolved": "https://registry.npmjs.org/request-promise-core/-/request-promise-core-1.1.1.tgz",
            "integrity": "sha1-Pu4AssWqgyOc+wTFcA2jb4HNCLY="
        },
        "request-promise-native": {
            "version": "1.0.4",
            "resolved": "https://registry.npmjs.org/request-promise-native/-/request-promise-native-1.0.4.tgz",
            "integrity": "sha1-hpiOyO7kCORVefzoO/0Fs635oVU="
        },
        "resolve": {
            "version": "1.1.7",
            "resolved": "https://registry.npmjs.org/resolve/-/resolve-1.1.7.tgz",
            "integrity": "sha1-IDEU2CrSxe2ejgQRs5ModeiJ6Xs=",
            "dev": true
        },
        "rimraf": {
            "version": "2.6.1",
            "resolved": "https://registry.npmjs.org/rimraf/-/rimraf-2.6.1.tgz",
            "integrity": "sha1-wjOOxkPfeht/5cVPqG9XQopV8z0="
        },
        "safe-buffer": {
            "version": "5.1.1",
            "resolved": "https://registry.npmjs.org/safe-buffer/-/safe-buffer-5.1.1.tgz",
            "integrity": "sha512-kKvNJn6Mm93gAczWVJg7wH+wGYWNrDHdWvpUmHyEsgCtIwwo3bqPtV4tR5tuPaUhTOo/kvhVwd8XwwOllGYkbg=="
        },
        "samsam": {
            "version": "1.2.1",
            "resolved": "https://registry.npmjs.org/samsam/-/samsam-1.2.1.tgz",
            "integrity": "sha1-7dOQk6MYQ3DLhZJDsr3yVefY6mc=",
            "dev": true
        },
        "sinon": {
            "version": "2.3.6",
            "resolved": "https://registry.npmjs.org/sinon/-/sinon-2.3.6.tgz",
            "integrity": "sha1-lTeOfg+XapcS6bRZH/WznnPcPd4=",
            "dev": true
        },
        "sntp": {
            "version": "1.0.9",
            "resolved": "https://registry.npmjs.org/sntp/-/sntp-1.0.9.tgz",
            "integrity": "sha1-ZUEYTMkK7qbG57NeJlkIJEPGYZg="
        },
        "sprintf-js": {
            "version": "1.0.3",
            "resolved": "https://registry.npmjs.org/sprintf-js/-/sprintf-js-1.0.3.tgz",
            "integrity": "sha1-BOaSb2YolTVPPdAVIDYzuFcpfiw="
        },
        "sshpk": {
            "version": "1.13.1",
            "resolved": "https://registry.npmjs.org/sshpk/-/sshpk-1.13.1.tgz",
            "integrity": "sha1-US322mKHFEMW3EwY/hzx2UBzm+M=",
            "dependencies": {
                "assert-plus": {
                    "version": "1.0.0",
                    "resolved": "https://registry.npmjs.org/assert-plus/-/assert-plus-1.0.0.tgz",
                    "integrity": "sha1-8S4PPF13sLHN2RRpQuTpbB5N1SU="
                }
            }
        },
        "stealthy-require": {
            "version": "1.1.1",
            "resolved": "https://registry.npmjs.org/stealthy-require/-/stealthy-require-1.1.1.tgz",
            "integrity": "sha1-NbCYdbT/SfJqd35QmzCQoyJr8ks="
        },
        "stringstream": {
            "version": "0.0.5",
            "resolved": "https://registry.npmjs.org/stringstream/-/stringstream-0.0.5.tgz",
            "integrity": "sha1-TkhM1N5aC7vuGORjB3EKioFiGHg="
        },
        "supports-color": {
            "version": "3.1.2",
            "resolved": "https://registry.npmjs.org/supports-color/-/supports-color-3.1.2.tgz",
            "integrity": "sha1-cqJiiU2dQIuVbKBf83su2KbiotU=",
            "dev": true
        },
        "text-encoding": {
            "version": "0.6.4",
            "resolved": "https://registry.npmjs.org/text-encoding/-/text-encoding-0.6.4.tgz",
            "integrity": "sha1-45mpgiV6J22uQou5KEXLcb3CbRk=",
            "dev": true
        },
        "tmp": {
            "version": "0.0.31",
            "resolved": "https://registry.npmjs.org/tmp/-/tmp-0.0.31.tgz",
            "integrity": "sha1-jzirlDjhcxXl29izZX6L+yd65Kc=",
            "dev": true
        },
        "tough-cookie": {
            "version": "2.3.2",
            "resolved": "https://registry.npmjs.org/tough-cookie/-/tough-cookie-2.3.2.tgz",
            "integrity": "sha1-8IH3bkyFcg5sN6X6ztc3FQ2EByo="
        },
        "tunnel-agent": {
            "version": "0.6.0",
            "resolved": "https://registry.npmjs.org/tunnel-agent/-/tunnel-agent-0.6.0.tgz",
            "integrity": "sha1-J6XeoGs2sEoKmWZ3SykIaPD8QP0="
        },
        "tweetnacl": {
            "version": "0.14.5",
            "resolved": "https://registry.npmjs.org/tweetnacl/-/tweetnacl-0.14.5.tgz",
            "integrity": "sha1-WuaBd/GS1EViadEIr6k/+HQ/T2Q=",
            "optional": true
        },
        "type-detect": {
            "version": "4.0.3",
            "resolved": "https://registry.npmjs.org/type-detect/-/type-detect-4.0.3.tgz",
            "integrity": "sha1-Dj8mcLRAmbC0bChNE2p+9Jx0wuo=",
            "dev": true
        },
        "uuid": {
            "version": "3.1.0",
            "resolved": "https://registry.npmjs.org/uuid/-/uuid-3.1.0.tgz",
            "integrity": "sha512-DIWtzUkw04M4k3bf1IcpS2tngXEL26YUD2M0tMDUpnUrz2hgzUBlD55a4FjdLGPvfHxS6uluGWvaVEqgBcVa+g=="
        },
        "verror": {
            "version": "1.3.6",
            "resolved": "https://registry.npmjs.org/verror/-/verror-1.3.6.tgz",
            "integrity": "sha1-z/XfEpRtKX0rqu+qJoniW+AcAFw="
        },
        "wrappy": {
            "version": "1.0.2",
            "resolved": "https://registry.npmjs.org/wrappy/-/wrappy-1.0.2.tgz",
            "integrity": "sha1-tSQ9jz7BqjXxNkYFvA0QNuMKtp8="
        }
    }
}
